// !$*UTF8*$!
{
	archiveVersion = 1;
	classes = {
	};
	objectVersion = 51;
	objects = {

/* Begin PBXBuildFile section */
		6679E330B3EDF00A5878852E /* Pods_MotorNotesTests.framework in Frameworks */ = {isa = PBXBuildFile; fileRef = CE21C6AC7C606537DDE631E8 /* Pods_MotorNotesTests.framework */; };
		CDAA041F2443A7280017AF8B /* SignUpViewController.swift in Sources */ = {isa = PBXBuildFile; fileRef = CDAA041E2443A7280017AF8B /* SignUpViewController.swift */; };
		CDAA0423244587AD0017AF8B /* AddCarViewController.swift in Sources */ = {isa = PBXBuildFile; fileRef = CDAA0422244587AD0017AF8B /* AddCarViewController.swift */; };
		CDAA042524458C7F0017AF8B /* EditCarViewController.swift in Sources */ = {isa = PBXBuildFile; fileRef = CDAA042424458C7F0017AF8B /* EditCarViewController.swift */; };
		D5335A7C336C9CDCB1C953DF /* Pods_MotorNotes.framework in Frameworks */ = {isa = PBXBuildFile; fileRef = A76CCFD98BB5199E4E801E50 /* Pods_MotorNotes.framework */; };
		D936B3AB244D407C00916CDC /* GoogleService-Info.plist in Resources */ = {isa = PBXBuildFile; fileRef = D936B3AA244D407C00916CDC /* GoogleService-Info.plist */; };
		D936B3AF245004D800916CDC /* Images.swift in Sources */ = {isa = PBXBuildFile; fileRef = D936B3AE245004D800916CDC /* Images.swift */; };
		D936B3B524510D0900916CDC /* CarCell.swift in Sources */ = {isa = PBXBuildFile; fileRef = D936B3B424510D0900916CDC /* CarCell.swift */; };
		D94D614D24428AD000613DE4 /* LoginViewController.swift in Sources */ = {isa = PBXBuildFile; fileRef = D94D614C24428AD000613DE4 /* LoginViewController.swift */; };
		D94D615224428B1600613DE4 /* HomeViewController.swift in Sources */ = {isa = PBXBuildFile; fileRef = D94D615124428B1600613DE4 /* HomeViewController.swift */; };
		D952D7A32442942500CE239A /* Utilities.swift in Sources */ = {isa = PBXBuildFile; fileRef = D952D7A22442942500CE239A /* Utilities.swift */; };
		D952D7A52442BD8300CE239A /* Constants.swift in Sources */ = {isa = PBXBuildFile; fileRef = D952D7A42442BD8300CE239A /* Constants.swift */; };
		D97FEAE6242DB45D00BFDBD5 /* AppDelegate.swift in Sources */ = {isa = PBXBuildFile; fileRef = D97FEAE5242DB45D00BFDBD5 /* AppDelegate.swift */; };
		D97FEAE8242DB45D00BFDBD5 /* SceneDelegate.swift in Sources */ = {isa = PBXBuildFile; fileRef = D97FEAE7242DB45D00BFDBD5 /* SceneDelegate.swift */; };
		D97FEAEA242DB45D00BFDBD5 /* ViewController.swift in Sources */ = {isa = PBXBuildFile; fileRef = D97FEAE9242DB45D00BFDBD5 /* ViewController.swift */; };
		D97FEAED242DB45D00BFDBD5 /* Main.storyboard in Resources */ = {isa = PBXBuildFile; fileRef = D97FEAEB242DB45D00BFDBD5 /* Main.storyboard */; };
		D97FEAEF242DB46100BFDBD5 /* Assets.xcassets in Resources */ = {isa = PBXBuildFile; fileRef = D97FEAEE242DB46100BFDBD5 /* Assets.xcassets */; };
		D97FEAF2242DB46100BFDBD5 /* LaunchScreen.storyboard in Resources */ = {isa = PBXBuildFile; fileRef = D97FEAF0242DB46100BFDBD5 /* LaunchScreen.storyboard */; };
		D97FEAFD242DB46100BFDBD5 /* MotorNotesTests.swift in Sources */ = {isa = PBXBuildFile; fileRef = D97FEAFC242DB46100BFDBD5 /* MotorNotesTests.swift */; };
		D97FEB08242DB46100BFDBD5 /* MotorNotesUITests.swift in Sources */ = {isa = PBXBuildFile; fileRef = D97FEB07242DB46100BFDBD5 /* MotorNotesUITests.swift */; };
		D9899E70244A5FC0001549D2 /* AddFuelViewController.swift in Sources */ = {isa = PBXBuildFile; fileRef = D9899E6F244A5FC0001549D2 /* AddFuelViewController.swift */; };
		D9899E72244A5FDB001549D2 /* AddServiceViewController.swift in Sources */ = {isa = PBXBuildFile; fileRef = D9899E71244A5FDB001549D2 /* AddServiceViewController.swift */; };
		D9F644032448A6340074344E /* SettingsViewController.swift in Sources */ = {isa = PBXBuildFile; fileRef = D9F644022448A6330074344E /* SettingsViewController.swift */; };
		E9616BF8FBE1BE888C85357A /* Pods_MotorNotes_MotorNotesUITests.framework in Frameworks */ = {isa = PBXBuildFile; fileRef = 8499B1DB8ED8C63A309FDD49 /* Pods_MotorNotes_MotorNotesUITests.framework */; };
/* End PBXBuildFile section */

/* Begin PBXContainerItemProxy section */
		D97FEAF9242DB46100BFDBD5 /* PBXContainerItemProxy */ = {
			isa = PBXContainerItemProxy;
			containerPortal = D97FEADA242DB45D00BFDBD5 /* Project object */;
			proxyType = 1;
			remoteGlobalIDString = D97FEAE1242DB45D00BFDBD5;
			remoteInfo = MotorNotes;
		};
		D97FEB04242DB46100BFDBD5 /* PBXContainerItemProxy */ = {
			isa = PBXContainerItemProxy;
			containerPortal = D97FEADA242DB45D00BFDBD5 /* Project object */;
			proxyType = 1;
			remoteGlobalIDString = D97FEAE1242DB45D00BFDBD5;
			remoteInfo = MotorNotes;
		};
/* End PBXContainerItemProxy section */

/* Begin PBXFileReference section */
		04625F9A0ABF71B7EAA32626 /* Pods-MotorNotes.release.xcconfig */ = {isa = PBXFileReference; includeInIndex = 1; lastKnownFileType = text.xcconfig; name = "Pods-MotorNotes.release.xcconfig"; path = "Target Support Files/Pods-MotorNotes/Pods-MotorNotes.release.xcconfig"; sourceTree = "<group>"; };
		4D8E2EC82DE93716C4550DF2 /* Pods-MotorNotes-MotorNotesUITests.release.xcconfig */ = {isa = PBXFileReference; includeInIndex = 1; lastKnownFileType = text.xcconfig; name = "Pods-MotorNotes-MotorNotesUITests.release.xcconfig"; path = "Target Support Files/Pods-MotorNotes-MotorNotesUITests/Pods-MotorNotes-MotorNotesUITests.release.xcconfig"; sourceTree = "<group>"; };
		8499B1DB8ED8C63A309FDD49 /* Pods_MotorNotes_MotorNotesUITests.framework */ = {isa = PBXFileReference; explicitFileType = wrapper.framework; includeInIndex = 0; path = Pods_MotorNotes_MotorNotesUITests.framework; sourceTree = BUILT_PRODUCTS_DIR; };
		8710A9D66077FC43AC43E35D /* Pods-MotorNotes-MotorNotesUITests.debug.xcconfig */ = {isa = PBXFileReference; includeInIndex = 1; lastKnownFileType = text.xcconfig; name = "Pods-MotorNotes-MotorNotesUITests.debug.xcconfig"; path = "Target Support Files/Pods-MotorNotes-MotorNotesUITests/Pods-MotorNotes-MotorNotesUITests.debug.xcconfig"; sourceTree = "<group>"; };
		8DC7C4D7AE1CB842284502F8 /* Pods-MotorNotesTests.debug.xcconfig */ = {isa = PBXFileReference; includeInIndex = 1; lastKnownFileType = text.xcconfig; name = "Pods-MotorNotesTests.debug.xcconfig"; path = "Target Support Files/Pods-MotorNotesTests/Pods-MotorNotesTests.debug.xcconfig"; sourceTree = "<group>"; };
		A76CCFD98BB5199E4E801E50 /* Pods_MotorNotes.framework */ = {isa = PBXFileReference; explicitFileType = wrapper.framework; includeInIndex = 0; path = Pods_MotorNotes.framework; sourceTree = BUILT_PRODUCTS_DIR; };
		C59A6E039DF042D9FF28B56E /* Pods-MotorNotesTests.release.xcconfig */ = {isa = PBXFileReference; includeInIndex = 1; lastKnownFileType = text.xcconfig; name = "Pods-MotorNotesTests.release.xcconfig"; path = "Target Support Files/Pods-MotorNotesTests/Pods-MotorNotesTests.release.xcconfig"; sourceTree = "<group>"; };
		CDAA041E2443A7280017AF8B /* SignUpViewController.swift */ = {isa = PBXFileReference; lastKnownFileType = sourcecode.swift; path = SignUpViewController.swift; sourceTree = "<group>"; };
		CDAA0422244587AD0017AF8B /* AddCarViewController.swift */ = {isa = PBXFileReference; lastKnownFileType = sourcecode.swift; path = AddCarViewController.swift; sourceTree = "<group>"; };
		CDAA042424458C7F0017AF8B /* EditCarViewController.swift */ = {isa = PBXFileReference; lastKnownFileType = sourcecode.swift; path = EditCarViewController.swift; sourceTree = "<group>"; };
		CE21C6AC7C606537DDE631E8 /* Pods_MotorNotesTests.framework */ = {isa = PBXFileReference; explicitFileType = wrapper.framework; includeInIndex = 0; path = Pods_MotorNotesTests.framework; sourceTree = BUILT_PRODUCTS_DIR; };
		D936B3AA244D407C00916CDC /* GoogleService-Info.plist */ = {isa = PBXFileReference; fileEncoding = 4; lastKnownFileType = text.plist.xml; name = "GoogleService-Info.plist"; path = "../../../../../Downloads/GoogleService-Info.plist"; sourceTree = "<group>"; };
		D936B3AE245004D800916CDC /* Images.swift */ = {isa = PBXFileReference; lastKnownFileType = sourcecode.swift; path = Images.swift; sourceTree = "<group>"; };
		D936B3B424510D0900916CDC /* CarCell.swift */ = {isa = PBXFileReference; lastKnownFileType = sourcecode.swift; path = CarCell.swift; sourceTree = "<group>"; };
		D94D614C24428AD000613DE4 /* LoginViewController.swift */ = {isa = PBXFileReference; lastKnownFileType = sourcecode.swift; path = LoginViewController.swift; sourceTree = "<group>"; };
		D94D615124428B1600613DE4 /* HomeViewController.swift */ = {isa = PBXFileReference; lastKnownFileType = sourcecode.swift; path = HomeViewController.swift; sourceTree = "<group>"; };
		D952D7A22442942500CE239A /* Utilities.swift */ = {isa = PBXFileReference; lastKnownFileType = sourcecode.swift; path = Utilities.swift; sourceTree = "<group>"; };
		D952D7A42442BD8300CE239A /* Constants.swift */ = {isa = PBXFileReference; lastKnownFileType = sourcecode.swift; path = Constants.swift; sourceTree = "<group>"; };
		D97FEAE2242DB45D00BFDBD5 /* MotorNotes.app */ = {isa = PBXFileReference; explicitFileType = wrapper.application; includeInIndex = 0; path = MotorNotes.app; sourceTree = BUILT_PRODUCTS_DIR; };
		D97FEAE5242DB45D00BFDBD5 /* AppDelegate.swift */ = {isa = PBXFileReference; lastKnownFileType = sourcecode.swift; path = AppDelegate.swift; sourceTree = "<group>"; };
		D97FEAE7242DB45D00BFDBD5 /* SceneDelegate.swift */ = {isa = PBXFileReference; lastKnownFileType = sourcecode.swift; path = SceneDelegate.swift; sourceTree = "<group>"; };
		D97FEAE9242DB45D00BFDBD5 /* ViewController.swift */ = {isa = PBXFileReference; lastKnownFileType = sourcecode.swift; path = ViewController.swift; sourceTree = "<group>"; };
		D97FEAEC242DB45D00BFDBD5 /* Base */ = {isa = PBXFileReference; lastKnownFileType = file.storyboard; name = Base; path = Base.lproj/Main.storyboard; sourceTree = "<group>"; };
		D97FEAEE242DB46100BFDBD5 /* Assets.xcassets */ = {isa = PBXFileReference; lastKnownFileType = folder.assetcatalog; path = Assets.xcassets; sourceTree = "<group>"; };
		D97FEAF1242DB46100BFDBD5 /* Base */ = {isa = PBXFileReference; lastKnownFileType = file.storyboard; name = Base; path = Base.lproj/LaunchScreen.storyboard; sourceTree = "<group>"; };
		D97FEAF3242DB46100BFDBD5 /* Info.plist */ = {isa = PBXFileReference; lastKnownFileType = text.plist.xml; path = Info.plist; sourceTree = "<group>"; };
		D97FEAF8242DB46100BFDBD5 /* MotorNotesTests.xctest */ = {isa = PBXFileReference; explicitFileType = wrapper.cfbundle; includeInIndex = 0; path = MotorNotesTests.xctest; sourceTree = BUILT_PRODUCTS_DIR; };
		D97FEAFC242DB46100BFDBD5 /* MotorNotesTests.swift */ = {isa = PBXFileReference; lastKnownFileType = sourcecode.swift; path = MotorNotesTests.swift; sourceTree = "<group>"; };
		D97FEAFE242DB46100BFDBD5 /* Info.plist */ = {isa = PBXFileReference; lastKnownFileType = text.plist.xml; path = Info.plist; sourceTree = "<group>"; };
		D97FEB03242DB46100BFDBD5 /* MotorNotesUITests.xctest */ = {isa = PBXFileReference; explicitFileType = wrapper.cfbundle; includeInIndex = 0; path = MotorNotesUITests.xctest; sourceTree = BUILT_PRODUCTS_DIR; };
		D97FEB07242DB46100BFDBD5 /* MotorNotesUITests.swift */ = {isa = PBXFileReference; lastKnownFileType = sourcecode.swift; path = MotorNotesUITests.swift; sourceTree = "<group>"; };
		D97FEB09242DB46100BFDBD5 /* Info.plist */ = {isa = PBXFileReference; lastKnownFileType = text.plist.xml; path = Info.plist; sourceTree = "<group>"; };
		D9899E6F244A5FC0001549D2 /* AddFuelViewController.swift */ = {isa = PBXFileReference; lastKnownFileType = sourcecode.swift; path = AddFuelViewController.swift; sourceTree = "<group>"; };
		D9899E71244A5FDB001549D2 /* AddServiceViewController.swift */ = {isa = PBXFileReference; lastKnownFileType = sourcecode.swift; path = AddServiceViewController.swift; sourceTree = "<group>"; };
		D9F644022448A6330074344E /* SettingsViewController.swift */ = {isa = PBXFileReference; lastKnownFileType = sourcecode.swift; path = SettingsViewController.swift; sourceTree = "<group>"; };
		DB6CBF6B4D32F632871294C9 /* Pods-MotorNotes.debug.xcconfig */ = {isa = PBXFileReference; includeInIndex = 1; lastKnownFileType = text.xcconfig; name = "Pods-MotorNotes.debug.xcconfig"; path = "Target Support Files/Pods-MotorNotes/Pods-MotorNotes.debug.xcconfig"; sourceTree = "<group>"; };
/* End PBXFileReference section */

/* Begin PBXFrameworksBuildPhase section */
		D97FEADF242DB45D00BFDBD5 /* Frameworks */ = {
			isa = PBXFrameworksBuildPhase;
			buildActionMask = 2147483647;
			files = (
				D5335A7C336C9CDCB1C953DF /* Pods_MotorNotes.framework in Frameworks */,
			);
			runOnlyForDeploymentPostprocessing = 0;
		};
		D97FEAF5242DB46100BFDBD5 /* Frameworks */ = {
			isa = PBXFrameworksBuildPhase;
			buildActionMask = 2147483647;
			files = (
				6679E330B3EDF00A5878852E /* Pods_MotorNotesTests.framework in Frameworks */,
			);
			runOnlyForDeploymentPostprocessing = 0;
		};
		D97FEB00242DB46100BFDBD5 /* Frameworks */ = {
			isa = PBXFrameworksBuildPhase;
			buildActionMask = 2147483647;
			files = (
				E9616BF8FBE1BE888C85357A /* Pods_MotorNotes_MotorNotesUITests.framework in Frameworks */,
			);
			runOnlyForDeploymentPostprocessing = 0;
		};
/* End PBXFrameworksBuildPhase section */

/* Begin PBXGroup section */
		28C95AB5EEFEA363D741F4F3 /* Pods */ = {
			isa = PBXGroup;
			children = (
				DB6CBF6B4D32F632871294C9 /* Pods-MotorNotes.debug.xcconfig */,
				04625F9A0ABF71B7EAA32626 /* Pods-MotorNotes.release.xcconfig */,
				8710A9D66077FC43AC43E35D /* Pods-MotorNotes-MotorNotesUITests.debug.xcconfig */,
				4D8E2EC82DE93716C4550DF2 /* Pods-MotorNotes-MotorNotesUITests.release.xcconfig */,
				8DC7C4D7AE1CB842284502F8 /* Pods-MotorNotesTests.debug.xcconfig */,
				C59A6E039DF042D9FF28B56E /* Pods-MotorNotesTests.release.xcconfig */,
			);
			path = Pods;
			sourceTree = "<group>";
		};
		D936B3B324510C9F00916CDC /* TableView Cells */ = {
			isa = PBXGroup;
			children = (
				D936B3B424510D0900916CDC /* CarCell.swift */,
			);
			path = "TableView Cells";
			sourceTree = "<group>";
		};
		D94D615024428AEE00613DE4 /* Auth View Controllers */ = {
			isa = PBXGroup;
			children = (
				D94D614C24428AD000613DE4 /* LoginViewController.swift */,
				CDAA041E2443A7280017AF8B /* SignUpViewController.swift */,
			);
			path = "Auth View Controllers";
			sourceTree = "<group>";
		};
		D94D615324428B2200613DE4 /* View Controllers */ = {
			isa = PBXGroup;
			children = (
				CDAA042424458C7F0017AF8B /* EditCarViewController.swift */,
				D94D615124428B1600613DE4 /* HomeViewController.swift */,
				CDAA0422244587AD0017AF8B /* AddCarViewController.swift */,
				D9F644022448A6330074344E /* SettingsViewController.swift */,
				D9899E6F244A5FC0001549D2 /* AddFuelViewController.swift */,
				D9899E71244A5FDB001549D2 /* AddServiceViewController.swift */,
				D94D615024428AEE00613DE4 /* Auth View Controllers */,
			);
			path = "View Controllers";
			sourceTree = "<group>";
		};
		D952D7A12442940700CE239A /* Helpers */ = {
			isa = PBXGroup;
			children = (
				D952D7A22442942500CE239A /* Utilities.swift */,
				D952D7A42442BD8300CE239A /* Constants.swift */,
				D936B3AE245004D800916CDC /* Images.swift */,
			);
			path = Helpers;
			sourceTree = "<group>";
		};
		D97FEAD9242DB45D00BFDBD5 = {
			isa = PBXGroup;
			children = (
				D97FEAE4242DB45D00BFDBD5 /* MotorNotes */,
				D97FEAFB242DB46100BFDBD5 /* MotorNotesTests */,
				D97FEB06242DB46100BFDBD5 /* MotorNotesUITests */,
				D97FEAE3242DB45D00BFDBD5 /* Products */,
				28C95AB5EEFEA363D741F4F3 /* Pods */,
				FB5B0FD14073FBE884F6318E /* Frameworks */,
			);
			sourceTree = "<group>";
		};
		D97FEAE3242DB45D00BFDBD5 /* Products */ = {
			isa = PBXGroup;
			children = (
				D97FEAE2242DB45D00BFDBD5 /* MotorNotes.app */,
				D97FEAF8242DB46100BFDBD5 /* MotorNotesTests.xctest */,
				D97FEB03242DB46100BFDBD5 /* MotorNotesUITests.xctest */,
			);
			name = Products;
			sourceTree = "<group>";
		};
		D97FEAE4242DB45D00BFDBD5 /* MotorNotes */ = {
			isa = PBXGroup;
			children = (
				D97FEAE5242DB45D00BFDBD5 /* AppDelegate.swift */,
				D97FEAE7242DB45D00BFDBD5 /* SceneDelegate.swift */,
				D97FEAE9242DB45D00BFDBD5 /* ViewController.swift */,
				D97FEAEB242DB45D00BFDBD5 /* Main.storyboard */,
				D97FEAEE242DB46100BFDBD5 /* Assets.xcassets */,
				D97FEAF0242DB46100BFDBD5 /* LaunchScreen.storyboard */,
				D952D7A12442940700CE239A /* Helpers */,
				D936B3B324510C9F00916CDC /* TableView Cells */,
				D94D615324428B2200613DE4 /* View Controllers */,
				D97FEB1D243EFD4200BFDBD5 /* Settings */,
			);
			path = MotorNotes;
			sourceTree = "<group>";
		};
		D97FEAFB242DB46100BFDBD5 /* MotorNotesTests */ = {
			isa = PBXGroup;
			children = (
				D97FEAFC242DB46100BFDBD5 /* MotorNotesTests.swift */,
				D97FEAFE242DB46100BFDBD5 /* Info.plist */,
			);
			path = MotorNotesTests;
			sourceTree = "<group>";
		};
		D97FEB06242DB46100BFDBD5 /* MotorNotesUITests */ = {
			isa = PBXGroup;
			children = (
				D97FEB07242DB46100BFDBD5 /* MotorNotesUITests.swift */,
				D97FEB09242DB46100BFDBD5 /* Info.plist */,
			);
			path = MotorNotesUITests;
			sourceTree = "<group>";
		};
		D97FEB1D243EFD4200BFDBD5 /* Settings */ = {
			isa = PBXGroup;
			children = (
				D936B3AA244D407C00916CDC /* GoogleService-Info.plist */,
				D97FEAF3242DB46100BFDBD5 /* Info.plist */,
			);
			path = Settings;
			sourceTree = "<group>";
		};
		FB5B0FD14073FBE884F6318E /* Frameworks */ = {
			isa = PBXGroup;
			children = (
				A76CCFD98BB5199E4E801E50 /* Pods_MotorNotes.framework */,
				8499B1DB8ED8C63A309FDD49 /* Pods_MotorNotes_MotorNotesUITests.framework */,
				CE21C6AC7C606537DDE631E8 /* Pods_MotorNotesTests.framework */,
			);
			name = Frameworks;
			sourceTree = "<group>";
		};
/* End PBXGroup section */

/* Begin PBXNativeTarget section */
		D97FEAE1242DB45D00BFDBD5 /* MotorNotes */ = {
			isa = PBXNativeTarget;
			buildConfigurationList = D97FEB0C242DB46100BFDBD5 /* Build configuration list for PBXNativeTarget "MotorNotes" */;
			buildPhases = (
				16CB081852D9024391A3CBA2 /* [CP] Check Pods Manifest.lock */,
				D97FEADE242DB45D00BFDBD5 /* Sources */,
				D97FEADF242DB45D00BFDBD5 /* Frameworks */,
				D97FEAE0242DB45D00BFDBD5 /* Resources */,
				7C5E92253ED677A79EC9496F /* [CP] Embed Pods Frameworks */,
			);
			buildRules = (
			);
			dependencies = (
			);
			name = MotorNotes;
			productName = MotorNotes;
			productReference = D97FEAE2242DB45D00BFDBD5 /* MotorNotes.app */;
			productType = "com.apple.product-type.application";
		};
		D97FEAF7242DB46100BFDBD5 /* MotorNotesTests */ = {
			isa = PBXNativeTarget;
			buildConfigurationList = D97FEB0F242DB46100BFDBD5 /* Build configuration list for PBXNativeTarget "MotorNotesTests" */;
			buildPhases = (
				195368D5ACFB5F7F9CC57C7D /* [CP] Check Pods Manifest.lock */,
				D97FEAF4242DB46100BFDBD5 /* Sources */,
				D97FEAF5242DB46100BFDBD5 /* Frameworks */,
				D97FEAF6242DB46100BFDBD5 /* Resources */,
			);
			buildRules = (
			);
			dependencies = (
				D97FEAFA242DB46100BFDBD5 /* PBXTargetDependency */,
			);
			name = MotorNotesTests;
			productName = MotorNotesTests;
			productReference = D97FEAF8242DB46100BFDBD5 /* MotorNotesTests.xctest */;
			productType = "com.apple.product-type.bundle.unit-test";
		};
		D97FEB02242DB46100BFDBD5 /* MotorNotesUITests */ = {
			isa = PBXNativeTarget;
			buildConfigurationList = D97FEB12242DB46100BFDBD5 /* Build configuration list for PBXNativeTarget "MotorNotesUITests" */;
			buildPhases = (
				8BFDAAB8413F71D979DDE7DC /* [CP] Check Pods Manifest.lock */,
				D97FEAFF242DB46100BFDBD5 /* Sources */,
				D97FEB00242DB46100BFDBD5 /* Frameworks */,
				D97FEB01242DB46100BFDBD5 /* Resources */,
				46EAA3F4CB1BD3BB70A645A3 /* [CP] Embed Pods Frameworks */,
			);
			buildRules = (
			);
			dependencies = (
				D97FEB05242DB46100BFDBD5 /* PBXTargetDependency */,
			);
			name = MotorNotesUITests;
			productName = MotorNotesUITests;
			productReference = D97FEB03242DB46100BFDBD5 /* MotorNotesUITests.xctest */;
			productType = "com.apple.product-type.bundle.ui-testing";
		};
/* End PBXNativeTarget section */

/* Begin PBXProject section */
		D97FEADA242DB45D00BFDBD5 /* Project object */ = {
			isa = PBXProject;
			attributes = {
				LastSwiftUpdateCheck = 1140;
				LastUpgradeCheck = 1140;
				ORGANIZATIONNAME = "Jonathon Chenvert";
				TargetAttributes = {
					D97FEAE1242DB45D00BFDBD5 = {
						CreatedOnToolsVersion = 11.4;
					};
					D97FEAF7242DB46100BFDBD5 = {
						CreatedOnToolsVersion = 11.4;
						TestTargetID = D97FEAE1242DB45D00BFDBD5;
					};
					D97FEB02242DB46100BFDBD5 = {
						CreatedOnToolsVersion = 11.4;
						TestTargetID = D97FEAE1242DB45D00BFDBD5;
					};
				};
			};
			buildConfigurationList = D97FEADD242DB45D00BFDBD5 /* Build configuration list for PBXProject "MotorNotes" */;
			compatibilityVersion = "Xcode 9.3";
			developmentRegion = en;
			hasScannedForEncodings = 0;
			knownRegions = (
				en,
				Base,
			);
			mainGroup = D97FEAD9242DB45D00BFDBD5;
			productRefGroup = D97FEAE3242DB45D00BFDBD5 /* Products */;
			projectDirPath = "";
			projectRoot = "";
			targets = (
				D97FEAE1242DB45D00BFDBD5 /* MotorNotes */,
				D97FEAF7242DB46100BFDBD5 /* MotorNotesTests */,
				D97FEB02242DB46100BFDBD5 /* MotorNotesUITests */,
			);
		};
/* End PBXProject section */

/* Begin PBXResourcesBuildPhase section */
		D97FEAE0242DB45D00BFDBD5 /* Resources */ = {
			isa = PBXResourcesBuildPhase;
			buildActionMask = 2147483647;
			files = (
				D97FEAF2242DB46100BFDBD5 /* LaunchScreen.storyboard in Resources */,
				D936B3AB244D407C00916CDC /* GoogleService-Info.plist in Resources */,
				D97FEAEF242DB46100BFDBD5 /* Assets.xcassets in Resources */,
				D97FEAED242DB45D00BFDBD5 /* Main.storyboard in Resources */,
			);
			runOnlyForDeploymentPostprocessing = 0;
		};
		D97FEAF6242DB46100BFDBD5 /* Resources */ = {
			isa = PBXResourcesBuildPhase;
			buildActionMask = 2147483647;
			files = (
			);
			runOnlyForDeploymentPostprocessing = 0;
		};
		D97FEB01242DB46100BFDBD5 /* Resources */ = {
			isa = PBXResourcesBuildPhase;
			buildActionMask = 2147483647;
			files = (
			);
			runOnlyForDeploymentPostprocessing = 0;
		};
/* End PBXResourcesBuildPhase section */

/* Begin PBXShellScriptBuildPhase section */
		16CB081852D9024391A3CBA2 /* [CP] Check Pods Manifest.lock */ = {
			isa = PBXShellScriptBuildPhase;
			buildActionMask = 2147483647;
			files = (
			);
			inputFileListPaths = (
			);
			inputPaths = (
				"${PODS_PODFILE_DIR_PATH}/Podfile.lock",
				"${PODS_ROOT}/Manifest.lock",
			);
			name = "[CP] Check Pods Manifest.lock";
			outputFileListPaths = (
			);
			outputPaths = (
				"$(DERIVED_FILE_DIR)/Pods-MotorNotes-checkManifestLockResult.txt",
			);
			runOnlyForDeploymentPostprocessing = 0;
			shellPath = /bin/sh;
			shellScript = "diff \"${PODS_PODFILE_DIR_PATH}/Podfile.lock\" \"${PODS_ROOT}/Manifest.lock\" > /dev/null\nif [ $? != 0 ] ; then\n    # print error to STDERR\n    echo \"error: The sandbox is not in sync with the Podfile.lock. Run 'pod install' or update your CocoaPods installation.\" >&2\n    exit 1\nfi\n# This output is used by Xcode 'outputs' to avoid re-running this script phase.\necho \"SUCCESS\" > \"${SCRIPT_OUTPUT_FILE_0}\"\n";
			showEnvVarsInLog = 0;
		};
		195368D5ACFB5F7F9CC57C7D /* [CP] Check Pods Manifest.lock */ = {
			isa = PBXShellScriptBuildPhase;
			buildActionMask = 2147483647;
			files = (
			);
			inputFileListPaths = (
			);
			inputPaths = (
				"${PODS_PODFILE_DIR_PATH}/Podfile.lock",
				"${PODS_ROOT}/Manifest.lock",
			);
			name = "[CP] Check Pods Manifest.lock";
			outputFileListPaths = (
			);
			outputPaths = (
				"$(DERIVED_FILE_DIR)/Pods-MotorNotesTests-checkManifestLockResult.txt",
			);
			runOnlyForDeploymentPostprocessing = 0;
			shellPath = /bin/sh;
			shellScript = "diff \"${PODS_PODFILE_DIR_PATH}/Podfile.lock\" \"${PODS_ROOT}/Manifest.lock\" > /dev/null\nif [ $? != 0 ] ; then\n    # print error to STDERR\n    echo \"error: The sandbox is not in sync with the Podfile.lock. Run 'pod install' or update your CocoaPods installation.\" >&2\n    exit 1\nfi\n# This output is used by Xcode 'outputs' to avoid re-running this script phase.\necho \"SUCCESS\" > \"${SCRIPT_OUTPUT_FILE_0}\"\n";
			showEnvVarsInLog = 0;
		};
		46EAA3F4CB1BD3BB70A645A3 /* [CP] Embed Pods Frameworks */ = {
			isa = PBXShellScriptBuildPhase;
			buildActionMask = 2147483647;
			files = (
			);
			inputFileListPaths = (
				"${PODS_ROOT}/Target Support Files/Pods-MotorNotes-MotorNotesUITests/Pods-MotorNotes-MotorNotesUITests-frameworks-${CONFIGURATION}-input-files.xcfilelist",
			);
			name = "[CP] Embed Pods Frameworks";
			outputFileListPaths = (
				"${PODS_ROOT}/Target Support Files/Pods-MotorNotes-MotorNotesUITests/Pods-MotorNotes-MotorNotesUITests-frameworks-${CONFIGURATION}-output-files.xcfilelist",
			);
			runOnlyForDeploymentPostprocessing = 0;
			shellPath = /bin/sh;
			shellScript = "\"${PODS_ROOT}/Target Support Files/Pods-MotorNotes-MotorNotesUITests/Pods-MotorNotes-MotorNotesUITests-frameworks.sh\"\n";
			showEnvVarsInLog = 0;
		};
		7C5E92253ED677A79EC9496F /* [CP] Embed Pods Frameworks */ = {
			isa = PBXShellScriptBuildPhase;
			buildActionMask = 2147483647;
			files = (
			);
			inputFileListPaths = (
				"${PODS_ROOT}/Target Support Files/Pods-MotorNotes/Pods-MotorNotes-frameworks-${CONFIGURATION}-input-files.xcfilelist",
			);
			name = "[CP] Embed Pods Frameworks";
			outputFileListPaths = (
				"${PODS_ROOT}/Target Support Files/Pods-MotorNotes/Pods-MotorNotes-frameworks-${CONFIGURATION}-output-files.xcfilelist",
			);
			runOnlyForDeploymentPostprocessing = 0;
			shellPath = /bin/sh;
			shellScript = "\"${PODS_ROOT}/Target Support Files/Pods-MotorNotes/Pods-MotorNotes-frameworks.sh\"\n";
			showEnvVarsInLog = 0;
		};
		8BFDAAB8413F71D979DDE7DC /* [CP] Check Pods Manifest.lock */ = {
			isa = PBXShellScriptBuildPhase;
			buildActionMask = 2147483647;
			files = (
			);
			inputFileListPaths = (
			);
			inputPaths = (
				"${PODS_PODFILE_DIR_PATH}/Podfile.lock",
				"${PODS_ROOT}/Manifest.lock",
			);
			name = "[CP] Check Pods Manifest.lock";
			outputFileListPaths = (
			);
			outputPaths = (
				"$(DERIVED_FILE_DIR)/Pods-MotorNotes-MotorNotesUITests-checkManifestLockResult.txt",
			);
			runOnlyForDeploymentPostprocessing = 0;
			shellPath = /bin/sh;
			shellScript = "diff \"${PODS_PODFILE_DIR_PATH}/Podfile.lock\" \"${PODS_ROOT}/Manifest.lock\" > /dev/null\nif [ $? != 0 ] ; then\n    # print error to STDERR\n    echo \"error: The sandbox is not in sync with the Podfile.lock. Run 'pod install' or update your CocoaPods installation.\" >&2\n    exit 1\nfi\n# This output is used by Xcode 'outputs' to avoid re-running this script phase.\necho \"SUCCESS\" > \"${SCRIPT_OUTPUT_FILE_0}\"\n";
			showEnvVarsInLog = 0;
		};
/* End PBXShellScriptBuildPhase section */

/* Begin PBXSourcesBuildPhase section */
		D97FEADE242DB45D00BFDBD5 /* Sources */ = {
			isa = PBXSourcesBuildPhase;
			buildActionMask = 2147483647;
			files = (
				D94D614D24428AD000613DE4 /* LoginViewController.swift in Sources */,
				D97FEAEA242DB45D00BFDBD5 /* ViewController.swift in Sources */,
				D9F644032448A6340074344E /* SettingsViewController.swift in Sources */,
				D936B3B524510D0900916CDC /* CarCell.swift in Sources */,
				D9899E72244A5FDB001549D2 /* AddServiceViewController.swift in Sources */,
				CDAA041F2443A7280017AF8B /* SignUpViewController.swift in Sources */,
				CDAA0423244587AD0017AF8B /* AddCarViewController.swift in Sources */,
				D952D7A32442942500CE239A /* Utilities.swift in Sources */,
				D936B3AF245004D800916CDC /* Images.swift in Sources */,
				D9899E70244A5FC0001549D2 /* AddFuelViewController.swift in Sources */,
				D97FEAE6242DB45D00BFDBD5 /* AppDelegate.swift in Sources */,
				D97FEAE8242DB45D00BFDBD5 /* SceneDelegate.swift in Sources */,
				D94D615224428B1600613DE4 /* HomeViewController.swift in Sources */,
				D952D7A52442BD8300CE239A /* Constants.swift in Sources */,
				CDAA042524458C7F0017AF8B /* EditCarViewController.swift in Sources */,
			);
			runOnlyForDeploymentPostprocessing = 0;
		};
		D97FEAF4242DB46100BFDBD5 /* Sources */ = {
			isa = PBXSourcesBuildPhase;
			buildActionMask = 2147483647;
			files = (
				D97FEAFD242DB46100BFDBD5 /* MotorNotesTests.swift in Sources */,
			);
			runOnlyForDeploymentPostprocessing = 0;
		};
		D97FEAFF242DB46100BFDBD5 /* Sources */ = {
			isa = PBXSourcesBuildPhase;
			buildActionMask = 2147483647;
			files = (
				D97FEB08242DB46100BFDBD5 /* MotorNotesUITests.swift in Sources */,
			);
			runOnlyForDeploymentPostprocessing = 0;
		};
/* End PBXSourcesBuildPhase section */

/* Begin PBXTargetDependency section */
		D97FEAFA242DB46100BFDBD5 /* PBXTargetDependency */ = {
			isa = PBXTargetDependency;
			target = D97FEAE1242DB45D00BFDBD5 /* MotorNotes */;
			targetProxy = D97FEAF9242DB46100BFDBD5 /* PBXContainerItemProxy */;
		};
		D97FEB05242DB46100BFDBD5 /* PBXTargetDependency */ = {
			isa = PBXTargetDependency;
			target = D97FEAE1242DB45D00BFDBD5 /* MotorNotes */;
			targetProxy = D97FEB04242DB46100BFDBD5 /* PBXContainerItemProxy */;
		};
/* End PBXTargetDependency section */

/* Begin PBXVariantGroup section */
		D97FEAEB242DB45D00BFDBD5 /* Main.storyboard */ = {
			isa = PBXVariantGroup;
			children = (
				D97FEAEC242DB45D00BFDBD5 /* Base */,
			);
			name = Main.storyboard;
			sourceTree = "<group>";
		};
		D97FEAF0242DB46100BFDBD5 /* LaunchScreen.storyboard */ = {
			isa = PBXVariantGroup;
			children = (
				D97FEAF1242DB46100BFDBD5 /* Base */,
			);
			name = LaunchScreen.storyboard;
			sourceTree = "<group>";
		};
/* End PBXVariantGroup section */

/* Begin XCBuildConfiguration section */
		D97FEB0A242DB46100BFDBD5 /* Debug */ = {
			isa = XCBuildConfiguration;
			buildSettings = {
				ALWAYS_SEARCH_USER_PATHS = NO;
				CLANG_ANALYZER_NONNULL = YES;
				CLANG_ANALYZER_NUMBER_OBJECT_CONVERSION = YES_AGGRESSIVE;
				CLANG_CXX_LANGUAGE_STANDARD = "gnu++14";
				CLANG_CXX_LIBRARY = "libc++";
				CLANG_ENABLE_MODULES = YES;
				CLANG_ENABLE_OBJC_ARC = YES;
				CLANG_ENABLE_OBJC_WEAK = YES;
				CLANG_WARN_BLOCK_CAPTURE_AUTORELEASING = YES;
				CLANG_WARN_BOOL_CONVERSION = YES;
				CLANG_WARN_COMMA = YES;
				CLANG_WARN_CONSTANT_CONVERSION = YES;
				CLANG_WARN_DEPRECATED_OBJC_IMPLEMENTATIONS = YES;
				CLANG_WARN_DIRECT_OBJC_ISA_USAGE = YES_ERROR;
				CLANG_WARN_DOCUMENTATION_COMMENTS = YES;
				CLANG_WARN_EMPTY_BODY = YES;
				CLANG_WARN_ENUM_CONVERSION = YES;
				CLANG_WARN_INFINITE_RECURSION = YES;
				CLANG_WARN_INT_CONVERSION = YES;
				CLANG_WARN_NON_LITERAL_NULL_CONVERSION = YES;
				CLANG_WARN_OBJC_IMPLICIT_RETAIN_SELF = YES;
				CLANG_WARN_OBJC_LITERAL_CONVERSION = YES;
				CLANG_WARN_OBJC_ROOT_CLASS = YES_ERROR;
				CLANG_WARN_RANGE_LOOP_ANALYSIS = YES;
				CLANG_WARN_STRICT_PROTOTYPES = YES;
				CLANG_WARN_SUSPICIOUS_MOVE = YES;
				CLANG_WARN_UNGUARDED_AVAILABILITY = YES_AGGRESSIVE;
				CLANG_WARN_UNREACHABLE_CODE = YES;
				CLANG_WARN__DUPLICATE_METHOD_MATCH = YES;
				COPY_PHASE_STRIP = NO;
				DEBUG_INFORMATION_FORMAT = dwarf;
				ENABLE_STRICT_OBJC_MSGSEND = YES;
				ENABLE_TESTABILITY = YES;
				GCC_C_LANGUAGE_STANDARD = gnu11;
				GCC_DYNAMIC_NO_PIC = NO;
				GCC_NO_COMMON_BLOCKS = YES;
				GCC_OPTIMIZATION_LEVEL = 0;
				GCC_PREPROCESSOR_DEFINITIONS = (
					"DEBUG=1",
					"$(inherited)",
				);
				GCC_WARN_64_TO_32_BIT_CONVERSION = YES;
				GCC_WARN_ABOUT_RETURN_TYPE = YES_ERROR;
				GCC_WARN_UNDECLARED_SELECTOR = YES;
				GCC_WARN_UNINITIALIZED_AUTOS = YES_AGGRESSIVE;
				GCC_WARN_UNUSED_FUNCTION = YES;
				GCC_WARN_UNUSED_VARIABLE = YES;
				IPHONEOS_DEPLOYMENT_TARGET = 13.4;
				MTL_ENABLE_DEBUG_INFO = INCLUDE_SOURCE;
				MTL_FAST_MATH = YES;
				ONLY_ACTIVE_ARCH = YES;
				SDKROOT = iphoneos;
				SWIFT_ACTIVE_COMPILATION_CONDITIONS = DEBUG;
				SWIFT_OPTIMIZATION_LEVEL = "-Onone";
			};
			name = Debug;
		};
		D97FEB0B242DB46100BFDBD5 /* Release */ = {
			isa = XCBuildConfiguration;
			buildSettings = {
				ALWAYS_SEARCH_USER_PATHS = NO;
				CLANG_ANALYZER_NONNULL = YES;
				CLANG_ANALYZER_NUMBER_OBJECT_CONVERSION = YES_AGGRESSIVE;
				CLANG_CXX_LANGUAGE_STANDARD = "gnu++14";
				CLANG_CXX_LIBRARY = "libc++";
				CLANG_ENABLE_MODULES = YES;
				CLANG_ENABLE_OBJC_ARC = YES;
				CLANG_ENABLE_OBJC_WEAK = YES;
				CLANG_WARN_BLOCK_CAPTURE_AUTORELEASING = YES;
				CLANG_WARN_BOOL_CONVERSION = YES;
				CLANG_WARN_COMMA = YES;
				CLANG_WARN_CONSTANT_CONVERSION = YES;
				CLANG_WARN_DEPRECATED_OBJC_IMPLEMENTATIONS = YES;
				CLANG_WARN_DIRECT_OBJC_ISA_USAGE = YES_ERROR;
				CLANG_WARN_DOCUMENTATION_COMMENTS = YES;
				CLANG_WARN_EMPTY_BODY = YES;
				CLANG_WARN_ENUM_CONVERSION = YES;
				CLANG_WARN_INFINITE_RECURSION = YES;
				CLANG_WARN_INT_CONVERSION = YES;
				CLANG_WARN_NON_LITERAL_NULL_CONVERSION = YES;
				CLANG_WARN_OBJC_IMPLICIT_RETAIN_SELF = YES;
				CLANG_WARN_OBJC_LITERAL_CONVERSION = YES;
				CLANG_WARN_OBJC_ROOT_CLASS = YES_ERROR;
				CLANG_WARN_RANGE_LOOP_ANALYSIS = YES;
				CLANG_WARN_STRICT_PROTOTYPES = YES;
				CLANG_WARN_SUSPICIOUS_MOVE = YES;
				CLANG_WARN_UNGUARDED_AVAILABILITY = YES_AGGRESSIVE;
				CLANG_WARN_UNREACHABLE_CODE = YES;
				CLANG_WARN__DUPLICATE_METHOD_MATCH = YES;
				COPY_PHASE_STRIP = NO;
				DEBUG_INFORMATION_FORMAT = "dwarf-with-dsym";
				ENABLE_NS_ASSERTIONS = NO;
				ENABLE_STRICT_OBJC_MSGSEND = YES;
				GCC_C_LANGUAGE_STANDARD = gnu11;
				GCC_NO_COMMON_BLOCKS = YES;
				GCC_WARN_64_TO_32_BIT_CONVERSION = YES;
				GCC_WARN_ABOUT_RETURN_TYPE = YES_ERROR;
				GCC_WARN_UNDECLARED_SELECTOR = YES;
				GCC_WARN_UNINITIALIZED_AUTOS = YES_AGGRESSIVE;
				GCC_WARN_UNUSED_FUNCTION = YES;
				GCC_WARN_UNUSED_VARIABLE = YES;
				IPHONEOS_DEPLOYMENT_TARGET = 13.4;
				MTL_ENABLE_DEBUG_INFO = NO;
				MTL_FAST_MATH = YES;
				SDKROOT = iphoneos;
				SWIFT_COMPILATION_MODE = wholemodule;
				SWIFT_OPTIMIZATION_LEVEL = "-O";
				VALIDATE_PRODUCT = YES;
			};
			name = Release;
		};
		D97FEB0D242DB46100BFDBD5 /* Debug */ = {
			isa = XCBuildConfiguration;
			baseConfigurationReference = DB6CBF6B4D32F632871294C9 /* Pods-MotorNotes.debug.xcconfig */;
			buildSettings = {
				ASSETCATALOG_COMPILER_APPICON_NAME = AppIcon;
				CODE_SIGN_STYLE = Automatic;
				DEVELOPMENT_TEAM = NYLV7H6AAY;
				GCC_NO_COMMON_BLOCKS = YES;
				INFOPLIST_FILE = "$(SRCROOT)/MotorNotes/Settings/Info.plist";
				IPHONEOS_DEPLOYMENT_TARGET = 13.3;
				LD_RUNPATH_SEARCH_PATHS = (
					"$(inherited)",
					"@executable_path/Frameworks",
				);
				OTHER_LDFLAGS = "$(inherited)";
				PRODUCT_BUNDLE_IDENTIFIER = com.jchenvert.MotorNotes;
				PRODUCT_NAME = "$(TARGET_NAME)";
				SWIFT_VERSION = 5.0;
				TARGETED_DEVICE_FAMILY = "1,2";
			};
			name = Debug;
		};
		D97FEB0E242DB46100BFDBD5 /* Release */ = {
			isa = XCBuildConfiguration;
			baseConfigurationReference = 04625F9A0ABF71B7EAA32626 /* Pods-MotorNotes.release.xcconfig */;
			buildSettings = {
				ASSETCATALOG_COMPILER_APPICON_NAME = AppIcon;
				CODE_SIGN_STYLE = Automatic;
				DEVELOPMENT_TEAM = NYLV7H6AAY;
				GCC_NO_COMMON_BLOCKS = YES;
				INFOPLIST_FILE = "$(SRCROOT)/MotorNotes/Settings/Info.plist";
				IPHONEOS_DEPLOYMENT_TARGET = 13.3;
				LD_RUNPATH_SEARCH_PATHS = (
					"$(inherited)",
					"@executable_path/Frameworks",
				);
				OTHER_LDFLAGS = "$(inherited)";
				PRODUCT_BUNDLE_IDENTIFIER = com.jchenvert.MotorNotes;
				PRODUCT_NAME = "$(TARGET_NAME)";
				SWIFT_VERSION = 5.0;
				TARGETED_DEVICE_FAMILY = "1,2";
			};
			name = Release;
		};
		D97FEB10242DB46100BFDBD5 /* Debug */ = {
			isa = XCBuildConfiguration;
			baseConfigurationReference = 8DC7C4D7AE1CB842284502F8 /* Pods-MotorNotesTests.debug.xcconfig */;
			buildSettings = {
				ALWAYS_EMBED_SWIFT_STANDARD_LIBRARIES = YES;
				BUNDLE_LOADER = "$(TEST_HOST)";
				CODE_SIGN_STYLE = Automatic;
				DEVELOPMENT_TEAM = NYLV7H6AAY;
				INFOPLIST_FILE = MotorNotesTests/Info.plist;
				IPHONEOS_DEPLOYMENT_TARGET = 13.4;
				LD_RUNPATH_SEARCH_PATHS = (
					"$(inherited)",
					"@executable_path/Frameworks",
					"@loader_path/Frameworks",
				);
				PRODUCT_BUNDLE_IDENTIFIER = com.jchenvert.MotorNotesTests;
				PRODUCT_NAME = "$(TARGET_NAME)";
				SWIFT_VERSION = 5.0;
				TARGETED_DEVICE_FAMILY = "1,2";
				TEST_HOST = "$(BUILT_PRODUCTS_DIR)/MotorNotes.app/MotorNotes";
			};
			name = Debug;
		};
		D97FEB11242DB46100BFDBD5 /* Release */ = {
			isa = XCBuildConfiguration;
			baseConfigurationReference = C59A6E039DF042D9FF28B56E /* Pods-MotorNotesTests.release.xcconfig */;
			buildSettings = {
				ALWAYS_EMBED_SWIFT_STANDARD_LIBRARIES = YES;
				BUNDLE_LOADER = "$(TEST_HOST)";
				CODE_SIGN_STYLE = Automatic;
				DEVELOPMENT_TEAM = NYLV7H6AAY;
				INFOPLIST_FILE = MotorNotesTests/Info.plist;
				IPHONEOS_DEPLOYMENT_TARGET = 13.4;
				LD_RUNPATH_SEARCH_PATHS = (
					"$(inherited)",
					"@executable_path/Frameworks",
					"@loader_path/Frameworks",
				);
				PRODUCT_BUNDLE_IDENTIFIER = com.jchenvert.MotorNotesTests;
				PRODUCT_NAME = "$(TARGET_NAME)";
				SWIFT_VERSION = 5.0;
				TARGETED_DEVICE_FAMILY = "1,2";
				TEST_HOST = "$(BUILT_PRODUCTS_DIR)/MotorNotes.app/MotorNotes";
			};
			name = Release;
		};
		D97FEB13242DB46100BFDBD5 /* Debug */ = {
			isa = XCBuildConfiguration;
			baseConfigurationReference = 8710A9D66077FC43AC43E35D /* Pods-MotorNotes-MotorNotesUITests.debug.xcconfig */;
			buildSettings = {
				ALWAYS_EMBED_SWIFT_STANDARD_LIBRARIES = YES;
				CODE_SIGN_STYLE = Automatic;
				DEVELOPMENT_TEAM = NYLV7H6AAY;
				INFOPLIST_FILE = MotorNotesUITests/Info.plist;
				LD_RUNPATH_SEARCH_PATHS = (
					"$(inherited)",
					"@executable_path/Frameworks",
					"@loader_path/Frameworks",
				);
				PRODUCT_BUNDLE_IDENTIFIER = com.jchenvert.MotorNotesUITests;
				PRODUCT_NAME = "$(TARGET_NAME)";
				SWIFT_VERSION = 5.0;
				TARGETED_DEVICE_FAMILY = "1,2";
				TEST_TARGET_NAME = MotorNotes;
			};
			name = Debug;
		};
		D97FEB14242DB46100BFDBD5 /* Release */ = {
			isa = XCBuildConfiguration;
			baseConfigurationReference = 4D8E2EC82DE93716C4550DF2 /* Pods-MotorNotes-MotorNotesUITests.release.xcconfig */;
			buildSettings = {
				ALWAYS_EMBED_SWIFT_STANDARD_LIBRARIES = YES;
				CODE_SIGN_STYLE = Automatic;
				DEVELOPMENT_TEAM = NYLV7H6AAY;
				INFOPLIST_FILE = MotorNotesUITests/Info.plist;
				LD_RUNPATH_SEARCH_PATHS = (
					"$(inherited)",
					"@executable_path/Frameworks",
					"@loader_path/Frameworks",
				);
				PRODUCT_BUNDLE_IDENTIFIER = com.jchenvert.MotorNotesUITests;
				PRODUCT_NAME = "$(TARGET_NAME)";
				SWIFT_VERSION = 5.0;
				TARGETED_DEVICE_FAMILY = "1,2";
				TEST_TARGET_NAME = MotorNotes;
			};
			name = Release;
		};
/* End XCBuildConfiguration section */

/* Begin XCConfigurationList section */
		D97FEADD242DB45D00BFDBD5 /* Build configuration list for PBXProject "MotorNotes" */ = {
			isa = XCConfigurationList;
			buildConfigurations = (
				D97FEB0A242DB46100BFDBD5 /* Debug */,
				D97FEB0B242DB46100BFDBD5 /* Release */,
			);
			defaultConfigurationIsVisible = 0;
			defaultConfigurationName = Release;
		};
		D97FEB0C242DB46100BFDBD5 /* Build configuration list for PBXNativeTarget "MotorNotes" */ = {
			isa = XCConfigurationList;
			buildConfigurations = (
				D97FEB0D242DB46100BFDBD5 /* Debug */,
				D97FEB0E242DB46100BFDBD5 /* Release */,
			);
			defaultConfigurationIsVisible = 0;
			defaultConfigurationName = Release;
		};
		D97FEB0F242DB46100BFDBD5 /* Build configuration list for PBXNativeTarget "MotorNotesTests" */ = {
			isa = XCConfigurationList;
			buildConfigurations = (
				D97FEB10242DB46100BFDBD5 /* Debug */,
				D97FEB11242DB46100BFDBD5 /* Release */,
			);
			defaultConfigurationIsVisible = 0;
			defaultConfigurationName = Release;
		};
		D97FEB12242DB46100BFDBD5 /* Build configuration list for PBXNativeTarget "MotorNotesUITests" */ = {
			isa = XCConfigurationList;
			buildConfigurations = (
				D97FEB13242DB46100BFDBD5 /* Debug */,
				D97FEB14242DB46100BFDBD5 /* Release */,
			);
			defaultConfigurationIsVisible = 0;
			defaultConfigurationName = Release;
		};
/* End XCConfigurationList section */
	};
	rootObject = D97FEADA242DB45D00BFDBD5 /* Project object */;
}
